
Microsoft Visual Studio Solution File, Format Version 12.00
# Visual Studio Version 17
VisualStudioVersion = 17.5.33530.505
MinimumVisualStudioVersion = 10.0.40219.1
Project("{FAE04EC0-301F-11D3-BF4B-00C04F79EFBC}") = "DbWpfApp", "DbWpfApp\DbWpfApp.csproj", "{3FDA0C1E-3189-4898-9DBC-F02EC7E94DE6}"
EndProject
Global
	GlobalSection(SolutionConfigurationPlatforms) = preSolution
		Debug|Any CPU = Debug|Any CPU
		Release|Any CPU = Release|Any CPU
	EndGlobalSection
	GlobalSection(ProjectConfigurationPlatforms) = postSolution
		{3FDA0C1E-3189-4898-9DBC-F02EC7E94DE6}.Debug|Any CPU.ActiveCfg = Debug|Any CPU
		{3FDA0C1E-3189-4898-9DBC-F02EC7E94DE6}.Debug|Any CPU.Build.0 = Debug|Any CPU
		{3FDA0C1E-3189-4898-9DBC-F02EC7E94DE6}.Release|Any CPU.ActiveCfg = Release|Any CPU
		{3FDA0C1E-3189-4898-9DBC-F02EC7E94DE6}.Release|Any CPU.Build.0 = Release|Any CPU
	EndGlobalSection
	GlobalSection(SolutionProperties) = preSolution
		HideSolutionNode = FALSE
	EndGlobalSection
	GlobalSection(ExtensibilityGlobals) = postSolution
		SolutionGuid = {B23909E5-6194-431C-90F7-78F6228B6CD8}
	EndGlobalSection
EndGlobal
